
Microsoft Visual Studio Solution File, Format Version 12.00
# Visual Studio 2013
VisualStudioVersion = 12.0.40629.0
MinimumVisualStudioVersion = 10.0.40219.1
Project("{FAE04EC0-301F-11D3-BF4B-00C04F79EFBC}") = "AgeOfHeroesTheGUI", "AgeOfHeroesTheGUI\AgeOfHeroesTheGUI.csproj", "{7AAC742B-8194-4687-B091-B9ADCD6E05A3}"
EndProject
Project("{FAE04EC0-301F-11D3-BF4B-00C04F79EFBC}") = "Engine", "Engine\Engine.csproj", "{64D81C41-140E-4E25-8646-879E9BE40C67}"
EndProject
Global
	GlobalSection(SolutionConfigurationPlatforms) = preSolution
		Debug|Any CPU = Debug|Any CPU
		Release|Any CPU = Release|Any CPU
	EndGlobalSection
	GlobalSection(ProjectConfigurationPlatforms) = postSolution
		{7AAC742B-8194-4687-B091-B9ADCD6E05A3}.Debug|Any CPU.ActiveCfg = Debug|Any CPU
		{7AAC742B-8194-4687-B091-B9ADCD6E05A3}.Debug|Any CPU.Build.0 = Debug|Any CPU
		{7AAC742B-8194-4687-B091-B9ADCD6E05A3}.Release|Any CPU.ActiveCfg = Release|Any CPU
		{7AAC742B-8194-4687-B091-B9ADCD6E05A3}.Release|Any CPU.Build.0 = Release|Any CPU
		{64D81C41-140E-4E25-8646-879E9BE40C67}.Debug|Any CPU.ActiveCfg = Debug|Any CPU
		{64D81C41-140E-4E25-8646-879E9BE40C67}.Debug|Any CPU.Build.0 = Debug|Any CPU
		{64D81C41-140E-4E25-8646-879E9BE40C67}.Release|Any CPU.ActiveCfg = Release|Any CPU
		{64D81C41-140E-4E25-8646-879E9BE40C67}.Release|Any CPU.Build.0 = Release|Any CPU
	EndGlobalSection
	GlobalSection(SolutionProperties) = preSolution
		HideSolutionNode = FALSE
	EndGlobalSection
EndGlobal
